{
  "name": "lite-core",
  "version": "0.1.0",
  "lockfileVersion": 1,
  "requires": true,
  "dependencies": {
    "@types/node": {
      "version": "8.0.28",
      "resolved": "http://r.cnpmjs.org/@types/node/download/@types/node-8.0.28.tgz",
      "integrity": "sha1-hiBnFvjZJRz0FpLjhCZMvXBYrWA=",
      "dev": true
    },
    "typescript": {
      "version": "2.5.2",
      "resolved": "http://r.cnpmjs.org/typescript/download/typescript-2.5.2.tgz",
      "integrity": "sha1-A4qV99m7tCCxvzW6MdTFwd0//jQ=",
      "dev": true
    }
  }
}
